
Microsoft Visual Studio Solution File, Format Version 12.00
# Visual Studio Version 17
VisualStudioVersion = 17.14.36518.9 d17.14
MinimumVisualStudioVersion = 10.0.40219.1
Project("{FAE04EC0-301F-11D3-BF4B-00C04F79EFBC}") = "LoginCadastroMobile", "LoginCadastroMobile\LoginCadastroMobile.csproj", "{B63696B9-3B8F-4EF0-9965-914EB72F27EF}"
EndProject
Global
	GlobalSection(SolutionConfigurationPlatforms) = preSolution
		Debug|Any CPU = Debug|Any CPU
		Release|Any CPU = Release|Any CPU
	EndGlobalSection
	GlobalSection(ProjectConfigurationPlatforms) = postSolution
		{B63696B9-3B8F-4EF0-9965-914EB72F27EF}.Debug|Any CPU.ActiveCfg = Debug|Any CPU
		{B63696B9-3B8F-4EF0-9965-914EB72F27EF}.Debug|Any CPU.Build.0 = Debug|Any CPU
		{B63696B9-3B8F-4EF0-9965-914EB72F27EF}.Debug|Any CPU.Deploy.0 = Debug|Any CPU
		{B63696B9-3B8F-4EF0-9965-914EB72F27EF}.Release|Any CPU.ActiveCfg = Release|Any CPU
		{B63696B9-3B8F-4EF0-9965-914EB72F27EF}.Release|Any CPU.Build.0 = Release|Any CPU
		{B63696B9-3B8F-4EF0-9965-914EB72F27EF}.Release|Any CPU.Deploy.0 = Release|Any CPU
	EndGlobalSection
	GlobalSection(SolutionProperties) = preSolution
		HideSolutionNode = FALSE
	EndGlobalSection
	GlobalSection(ExtensibilityGlobals) = postSolution
		SolutionGuid = {2D246384-B005-489F-A35F-3AE7CEB24886}
	EndGlobalSection
EndGlobal
